
Microsoft Visual Studio Solution File, Format Version 12.00
# Visual Studio 2015
Project("{FAE04EC0-301F-11D3-BF4B-00C04F79EFBC}") = "Combo.CSharp", "Combo.CSharp.csproj", "{7F8B8E7F-6BA7-CFD0-2E5D-5AE20F4E4EF7}"
EndProject
Project("{FAE04EC0-301F-11D3-BF4B-00C04F79EFBC}") = "Combo.CSharp.Editor", "Combo.CSharp.Editor.csproj", "{3A5796BE-EEA8-1FFA-A7A8-3C588E9AB480}"
EndProject
Global
	GlobalSection(SolutionConfigurationPlatforms) = preSolution
		Debug|Any CPU = Debug|Any CPU
		Release|Any CPU = Release|Any CPU
	EndGlobalSection
	GlobalSection(ProjectConfigurationPlatforms) = postSolution
		{7F8B8E7F-6BA7-CFD0-2E5D-5AE20F4E4EF7}.Debug|Any CPU.ActiveCfg = Debug|Any CPU
		{7F8B8E7F-6BA7-CFD0-2E5D-5AE20F4E4EF7}.Debug|Any CPU.Build.0 = Debug|Any CPU
		{7F8B8E7F-6BA7-CFD0-2E5D-5AE20F4E4EF7}.Release|Any CPU.ActiveCfg = Release|Any CPU
		{7F8B8E7F-6BA7-CFD0-2E5D-5AE20F4E4EF7}.Release|Any CPU.Build.0 = Release|Any CPU
		{3A5796BE-EEA8-1FFA-A7A8-3C588E9AB480}.Debug|Any CPU.ActiveCfg = Debug|Any CPU
		{3A5796BE-EEA8-1FFA-A7A8-3C588E9AB480}.Debug|Any CPU.Build.0 = Debug|Any CPU
		{3A5796BE-EEA8-1FFA-A7A8-3C588E9AB480}.Release|Any CPU.ActiveCfg = Release|Any CPU
		{3A5796BE-EEA8-1FFA-A7A8-3C588E9AB480}.Release|Any CPU.Build.0 = Release|Any CPU
	EndGlobalSection
	GlobalSection(SolutionProperties) = preSolution
		HideSolutionNode = FALSE
	EndGlobalSection
EndGlobal
